
Microsoft Visual Studio Solution File, Format Version 12.00
# Visual Studio 15
VisualStudioVersion = 15.0.28307.1169
MinimumVisualStudioVersion = 10.0.40219.1
Project("{FAE04EC0-301F-11D3-BF4B-00C04F79EFBC}") = "InlockGamesWebAPI", "InlockGamesWebAPI\InlockGamesWebAPI.csproj", "{84AB3C00-90BE-4BFF-8D7A-3C0EF80ADC49}"
EndProject
Global
	GlobalSection(SolutionConfigurationPlatforms) = preSolution
		Debug|Any CPU = Debug|Any CPU
		Release|Any CPU = Release|Any CPU
	EndGlobalSection
	GlobalSection(ProjectConfigurationPlatforms) = postSolution
		{84AB3C00-90BE-4BFF-8D7A-3C0EF80ADC49}.Debug|Any CPU.ActiveCfg = Debug|Any CPU
		{84AB3C00-90BE-4BFF-8D7A-3C0EF80ADC49}.Debug|Any CPU.Build.0 = Debug|Any CPU
		{84AB3C00-90BE-4BFF-8D7A-3C0EF80ADC49}.Release|Any CPU.ActiveCfg = Release|Any CPU
		{84AB3C00-90BE-4BFF-8D7A-3C0EF80ADC49}.Release|Any CPU.Build.0 = Release|Any CPU
	EndGlobalSection
	GlobalSection(SolutionProperties) = preSolution
		HideSolutionNode = FALSE
	EndGlobalSection
	GlobalSection(ExtensibilityGlobals) = postSolution
		SolutionGuid = {0142B4DA-F37C-4573-A2D2-5E9634D33B8B}
	EndGlobalSection
EndGlobal
