
Microsoft Visual Studio Solution File, Format Version 12.00
# Visual Studio Version 16
VisualStudioVersion = 16.0.30413.136
MinimumVisualStudioVersion = 10.0.40219.1
Project("{FAE04EC0-301F-11D3-BF4B-00C04F79EFBC}") = "Gufi.WebApi", "Gufi.WebApi\Gufi.WebApi.csproj", "{2A489DBF-36B8-4C7F-8827-B97D02FF41E3}"
EndProject
Global
	GlobalSection(SolutionConfigurationPlatforms) = preSolution
		Debug|Any CPU = Debug|Any CPU
		Release|Any CPU = Release|Any CPU
	EndGlobalSection
	GlobalSection(ProjectConfigurationPlatforms) = postSolution
		{2A489DBF-36B8-4C7F-8827-B97D02FF41E3}.Debug|Any CPU.ActiveCfg = Debug|Any CPU
		{2A489DBF-36B8-4C7F-8827-B97D02FF41E3}.Debug|Any CPU.Build.0 = Debug|Any CPU
		{2A489DBF-36B8-4C7F-8827-B97D02FF41E3}.Release|Any CPU.ActiveCfg = Release|Any CPU
		{2A489DBF-36B8-4C7F-8827-B97D02FF41E3}.Release|Any CPU.Build.0 = Release|Any CPU
	EndGlobalSection
	GlobalSection(SolutionProperties) = preSolution
		HideSolutionNode = FALSE
	EndGlobalSection
	GlobalSection(ExtensibilityGlobals) = postSolution
		SolutionGuid = {329243F8-A5EB-4574-A642-72FC76A207A9}
	EndGlobalSection
EndGlobal
