
Microsoft Visual Studio Solution File, Format Version 12.00
# Visual Studio 15
VisualStudioVersion = 15.0.28307.1169
MinimumVisualStudioVersion = 10.0.40219.1
Project("{FAE04EC0-301F-11D3-BF4B-00C04F79EFBC}") = "WSTower", "WSTower\WSTower.csproj", "{10B9E59D-F849-4BCE-AF26-6ECFCED466B9}"
EndProject
Global
	GlobalSection(SolutionConfigurationPlatforms) = preSolution
		Debug|Any CPU = Debug|Any CPU
		Release|Any CPU = Release|Any CPU
	EndGlobalSection
	GlobalSection(ProjectConfigurationPlatforms) = postSolution
		{10B9E59D-F849-4BCE-AF26-6ECFCED466B9}.Debug|Any CPU.ActiveCfg = Debug|Any CPU
		{10B9E59D-F849-4BCE-AF26-6ECFCED466B9}.Debug|Any CPU.Build.0 = Debug|Any CPU
		{10B9E59D-F849-4BCE-AF26-6ECFCED466B9}.Release|Any CPU.ActiveCfg = Release|Any CPU
		{10B9E59D-F849-4BCE-AF26-6ECFCED466B9}.Release|Any CPU.Build.0 = Release|Any CPU
	EndGlobalSection
	GlobalSection(SolutionProperties) = preSolution
		HideSolutionNode = FALSE
	EndGlobalSection
	GlobalSection(ExtensibilityGlobals) = postSolution
		SolutionGuid = {CA677413-5118-4F99-817A-DF707D4F8676}
	EndGlobalSection
EndGlobal
